
Microsoft Visual Studio Solution File, Format Version 12.00
# Visual Studio Version 16
VisualStudioVersion = 16.0.31005.135
MinimumVisualStudioVersion = 10.0.40219.1
Project("{FAE04EC0-301F-11D3-BF4B-00C04F79EFBC}") = "CommercialAutomationProject", "CommercialAutomationProject\CommercialAutomationProject.csproj", "{0C3AFD5F-8B3C-463E-93EE-6E8664973F31}"
EndProject
Global
	GlobalSection(SolutionConfigurationPlatforms) = preSolution
		Debug|Any CPU = Debug|Any CPU
		Release|Any CPU = Release|Any CPU
	EndGlobalSection
	GlobalSection(ProjectConfigurationPlatforms) = postSolution
		{0C3AFD5F-8B3C-463E-93EE-6E8664973F31}.Debug|Any CPU.ActiveCfg = Debug|Any CPU
		{0C3AFD5F-8B3C-463E-93EE-6E8664973F31}.Debug|Any CPU.Build.0 = Debug|Any CPU
		{0C3AFD5F-8B3C-463E-93EE-6E8664973F31}.Release|Any CPU.ActiveCfg = Release|Any CPU
		{0C3AFD5F-8B3C-463E-93EE-6E8664973F31}.Release|Any CPU.Build.0 = Release|Any CPU
	EndGlobalSection
	GlobalSection(SolutionProperties) = preSolution
		HideSolutionNode = FALSE
	EndGlobalSection
	GlobalSection(ExtensibilityGlobals) = postSolution
		SolutionGuid = {238CC65F-BA5C-4716-A668-B06C94FE3601}
	EndGlobalSection
EndGlobal
